
Microsoft Visual Studio Solution File, Format Version 12.00
# Visual Studio Version 17
VisualStudioVersion = 17.7.34221.43
MinimumVisualStudioVersion = 10.0.40219.1
Project("{FAE04EC0-301F-11D3-BF4B-00C04F79EFBC}") = "P365I_CRM.Main", "Main\P365I_CRM.Main.csproj", "{212F4807-937E-4AFB-A771-8737C51F8F5A}"
EndProject
Project("{FAE04EC0-301F-11D3-BF4B-00C04F79EFBC}") = "P365I_CRM.Core", "Core\P365I_CRM.Core.csproj", "{55890F0C-9311-44F2-8DAE-C74453ABCB54}"
EndProject
Project("{E24C65DC-7377-472B-9ABA-BC803B73C61A}") = "WebResources", "WebResources\", "{37F1C98E-A9AA-434D-B88E-DFB5E9ADB3F7}"
	ProjectSection(WebsiteProperties) = preProject
		TargetFrameworkMoniker = ".NETFramework,Version%3Dv4.8"
		Debug.AspNetCompiler.VirtualPath = "/localhost_57414"
		Debug.AspNetCompiler.PhysicalPath = "WebResources\"
		Debug.AspNetCompiler.TargetPath = "PrecompiledWeb\localhost_57414\"
		Debug.AspNetCompiler.Updateable = "true"
		Debug.AspNetCompiler.ForceOverwrite = "true"
		Debug.AspNetCompiler.FixedNames = "false"
		Debug.AspNetCompiler.Debug = "True"
		Release.AspNetCompiler.VirtualPath = "/localhost_57414"
		Release.AspNetCompiler.PhysicalPath = "WebResources\"
		Release.AspNetCompiler.TargetPath = "PrecompiledWeb\localhost_57414\"
		Release.AspNetCompiler.Updateable = "true"
		Release.AspNetCompiler.ForceOverwrite = "true"
		Release.AspNetCompiler.FixedNames = "false"
		Release.AspNetCompiler.Debug = "False"
		VWDPort = "57414"
		SlnRelativePath = "WebResources\"
	EndProjectSection
EndProject
Project("{FAE04EC0-301F-11D3-BF4B-00C04F79EFBC}") = "P365I_CRM.Console", "P365I_CRM.ConsoleApp\P365I_CRM.Console.csproj", "{F9B1F4A8-60EF-42D7-A2E8-E8CF61094361}"
EndProject
Global
	GlobalSection(SolutionConfigurationPlatforms) = preSolution
		Debug|Any CPU = Debug|Any CPU
		Release|Any CPU = Release|Any CPU
	EndGlobalSection
	GlobalSection(ProjectConfigurationPlatforms) = postSolution
		{212F4807-937E-4AFB-A771-8737C51F8F5A}.Debug|Any CPU.ActiveCfg = Debug|Any CPU
		{212F4807-937E-4AFB-A771-8737C51F8F5A}.Debug|Any CPU.Build.0 = Debug|Any CPU
		{212F4807-937E-4AFB-A771-8737C51F8F5A}.Release|Any CPU.ActiveCfg = Release|Any CPU
		{212F4807-937E-4AFB-A771-8737C51F8F5A}.Release|Any CPU.Build.0 = Release|Any CPU
		{55890F0C-9311-44F2-8DAE-C74453ABCB54}.Debug|Any CPU.ActiveCfg = Debug|Any CPU
		{55890F0C-9311-44F2-8DAE-C74453ABCB54}.Debug|Any CPU.Build.0 = Debug|Any CPU
		{55890F0C-9311-44F2-8DAE-C74453ABCB54}.Release|Any CPU.ActiveCfg = Release|Any CPU
		{55890F0C-9311-44F2-8DAE-C74453ABCB54}.Release|Any CPU.Build.0 = Release|Any CPU
		{37F1C98E-A9AA-434D-B88E-DFB5E9ADB3F7}.Debug|Any CPU.ActiveCfg = Debug|Any CPU
		{37F1C98E-A9AA-434D-B88E-DFB5E9ADB3F7}.Debug|Any CPU.Build.0 = Debug|Any CPU
		{37F1C98E-A9AA-434D-B88E-DFB5E9ADB3F7}.Release|Any CPU.ActiveCfg = Debug|Any CPU
		{37F1C98E-A9AA-434D-B88E-DFB5E9ADB3F7}.Release|Any CPU.Build.0 = Debug|Any CPU
		{F9B1F4A8-60EF-42D7-A2E8-E8CF61094361}.Debug|Any CPU.ActiveCfg = Debug|Any CPU
		{F9B1F4A8-60EF-42D7-A2E8-E8CF61094361}.Debug|Any CPU.Build.0 = Debug|Any CPU
		{F9B1F4A8-60EF-42D7-A2E8-E8CF61094361}.Release|Any CPU.ActiveCfg = Release|Any CPU
		{F9B1F4A8-60EF-42D7-A2E8-E8CF61094361}.Release|Any CPU.Build.0 = Release|Any CPU
	EndGlobalSection
	GlobalSection(SolutionProperties) = preSolution
		HideSolutionNode = FALSE
	EndGlobalSection
	GlobalSection(ExtensibilityGlobals) = postSolution
		SolutionGuid = {2DCF5151-7A9E-48EC-845B-6533A9E40760}
	EndGlobalSection
EndGlobal
